
Microsoft Visual Studio Solution File, Format Version 12.00
# Visual Studio Version 17
VisualStudioVersion = 17.10.35013.160
MinimumVisualStudioVersion = 10.0.40219.1
Project("{9A19103F-16F7-4668-BE54-9A1E7A4F7556}") = "Notebook", "Notebook\Notebook.csproj", "{DDF292FB-6B20-4D4E-82E6-4B0CDD23E84D}"
EndProject
Global
	GlobalSection(SolutionConfigurationPlatforms) = preSolution
		Debug|Any CPU = Debug|Any CPU
		Release|Any CPU = Release|Any CPU
	EndGlobalSection
	GlobalSection(ProjectConfigurationPlatforms) = postSolution
		{DDF292FB-6B20-4D4E-82E6-4B0CDD23E84D}.Debug|Any CPU.ActiveCfg = Debug|Any CPU
		{DDF292FB-6B20-4D4E-82E6-4B0CDD23E84D}.Debug|Any CPU.Build.0 = Debug|Any CPU
		{DDF292FB-6B20-4D4E-82E6-4B0CDD23E84D}.Release|Any CPU.ActiveCfg = Release|Any CPU
		{DDF292FB-6B20-4D4E-82E6-4B0CDD23E84D}.Release|Any CPU.Build.0 = Release|Any CPU
	EndGlobalSection
	GlobalSection(SolutionProperties) = preSolution
		HideSolutionNode = FALSE
	EndGlobalSection
	GlobalSection(ExtensibilityGlobals) = postSolution
		SolutionGuid = {114D1B33-A4C2-4AD6-A5B5-E3F41B4F613D}
	EndGlobalSection
EndGlobal
